
Microsoft Visual Studio Solution File, Format Version 12.00
# Visual Studio Version 17
VisualStudioVersion = 17.10.34916.146
MinimumVisualStudioVersion = 10.0.40219.1
Project("{888888A0-9F3D-457C-B088-3A5042F75D52}") = "TicketBot", "TicketBot\TicketBot.pyproj", "{1AFCA68D-9D75-46DC-9141-1003BCD2DA0B}"
EndProject
Global
	GlobalSection(SolutionConfigurationPlatforms) = preSolution
		Debug|Any CPU = Debug|Any CPU
		Release|Any CPU = Release|Any CPU
	EndGlobalSection
	GlobalSection(ProjectConfigurationPlatforms) = postSolution
		{1AFCA68D-9D75-46DC-9141-1003BCD2DA0B}.Debug|Any CPU.ActiveCfg = Debug|Any CPU
		{1AFCA68D-9D75-46DC-9141-1003BCD2DA0B}.Release|Any CPU.ActiveCfg = Release|Any CPU
	EndGlobalSection
	GlobalSection(SolutionProperties) = preSolution
		HideSolutionNode = FALSE
	EndGlobalSection
	GlobalSection(ExtensibilityGlobals) = postSolution
		SolutionGuid = {2D7DE268-B17F-4222-A897-7705CB7EBE5F}
	EndGlobalSection
EndGlobal
